
Microsoft Visual Studio Solution File, Format Version 12.00
# Visual Studio Version 17
VisualStudioVersion = 17.4.33122.133
MinimumVisualStudioVersion = 10.0.40219.1
Project("{F2A71F9B-5D33-465A-A702-920D77279786}") = "Day1", "Day1\Day1.fsproj", "{6BEDB4EE-D824-4564-A01C-CCB6F5F5CDA0}"
EndProject
Project("{F2A71F9B-5D33-465A-A702-920D77279786}") = "Day2", "Day2\Day2.fsproj", "{5B8E00B1-F514-410C-9B9C-D8B882D1C8BA}"
EndProject
Project("{F2A71F9B-5D33-465A-A702-920D77279786}") = "Day3", "Day3\Day3.fsproj", "{9047C0D2-EBA1-4A69-8C97-2EFB2BC3A3EA}"
EndProject
Project("{F2A71F9B-5D33-465A-A702-920D77279786}") = "Day4", "Day4\Day4.fsproj", "{B079D3E3-4532-472B-BF61-F352BC8C6E9E}"
EndProject
Global
	GlobalSection(SolutionConfigurationPlatforms) = preSolution
		Debug|Any CPU = Debug|Any CPU
		Release|Any CPU = Release|Any CPU
	EndGlobalSection
	GlobalSection(ProjectConfigurationPlatforms) = postSolution
		{6BEDB4EE-D824-4564-A01C-CCB6F5F5CDA0}.Debug|Any CPU.ActiveCfg = Debug|Any CPU
		{6BEDB4EE-D824-4564-A01C-CCB6F5F5CDA0}.Debug|Any CPU.Build.0 = Debug|Any CPU
		{6BEDB4EE-D824-4564-A01C-CCB6F5F5CDA0}.Release|Any CPU.ActiveCfg = Release|Any CPU
		{6BEDB4EE-D824-4564-A01C-CCB6F5F5CDA0}.Release|Any CPU.Build.0 = Release|Any CPU
		{5B8E00B1-F514-410C-9B9C-D8B882D1C8BA}.Debug|Any CPU.ActiveCfg = Debug|Any CPU
		{5B8E00B1-F514-410C-9B9C-D8B882D1C8BA}.Debug|Any CPU.Build.0 = Debug|Any CPU
		{5B8E00B1-F514-410C-9B9C-D8B882D1C8BA}.Release|Any CPU.ActiveCfg = Release|Any CPU
		{5B8E00B1-F514-410C-9B9C-D8B882D1C8BA}.Release|Any CPU.Build.0 = Release|Any CPU
		{9047C0D2-EBA1-4A69-8C97-2EFB2BC3A3EA}.Debug|Any CPU.ActiveCfg = Debug|Any CPU
		{9047C0D2-EBA1-4A69-8C97-2EFB2BC3A3EA}.Debug|Any CPU.Build.0 = Debug|Any CPU
		{9047C0D2-EBA1-4A69-8C97-2EFB2BC3A3EA}.Release|Any CPU.ActiveCfg = Release|Any CPU
		{9047C0D2-EBA1-4A69-8C97-2EFB2BC3A3EA}.Release|Any CPU.Build.0 = Release|Any CPU
		{B079D3E3-4532-472B-BF61-F352BC8C6E9E}.Debug|Any CPU.ActiveCfg = Debug|Any CPU
		{B079D3E3-4532-472B-BF61-F352BC8C6E9E}.Debug|Any CPU.Build.0 = Debug|Any CPU
		{B079D3E3-4532-472B-BF61-F352BC8C6E9E}.Release|Any CPU.ActiveCfg = Release|Any CPU
		{B079D3E3-4532-472B-BF61-F352BC8C6E9E}.Release|Any CPU.Build.0 = Release|Any CPU
	EndGlobalSection
	GlobalSection(SolutionProperties) = preSolution
		HideSolutionNode = FALSE
	EndGlobalSection
	GlobalSection(ExtensibilityGlobals) = postSolution
		SolutionGuid = {94E36B52-5D82-4344-AF3B-CB87A89C452F}
	EndGlobalSection
EndGlobal
